// !$*UTF8*$!
{
	archiveVersion = 1;
	classes = {
	};
	objectVersion = 56;
	objects = {

/* Begin PBXBuildFile section */
		DF31A08A2A3BB11300F7382C /* NewNotes.app in Embed Watch Content */ = {isa = PBXBuildFile; fileRef = DF31A0892A3BB11300F7382C /* NewNotes.app */; settings = {ATTRIBUTES = (RemoveHeadersOnCopy, ); }; };
		DF31A08F2A3BB11300F7382C /* WatchOSNotesApp.swift in Sources */ = {isa = PBXBuildFile; fileRef = DF31A08E2A3BB11300F7382C /* WatchOSNotesApp.swift */; };
		DF31A0912A3BB11300F7382C /* ContentView.swift in Sources */ = {isa = PBXBuildFile; fileRef = DF31A0902A3BB11300F7382C /* ContentView.swift */; };
		DF31A0932A3BB11400F7382C /* Assets.xcassets in Resources */ = {isa = PBXBuildFile; fileRef = DF31A0922A3BB11400F7382C /* Assets.xcassets */; };
		DF31A0962A3BB11400F7382C /* Preview Assets.xcassets in Resources */ = {isa = PBXBuildFile; fileRef = DF31A0952A3BB11400F7382C /* Preview Assets.xcassets */; };
		DFD292DC2A3CA50600B22EF8 /* Note.swift in Sources */ = {isa = PBXBuildFile; fileRef = DFD292DB2A3CA50600B22EF8 /* Note.swift */; };
/* End PBXBuildFile section */

/* Begin PBXContainerItemProxy section */
		DF31A08B2A3BB11300F7382C /* PBXContainerItemProxy */ = {
			isa = PBXContainerItemProxy;
			containerPortal = DF31A07D2A3BB11200F7382C /* Project object */;
			proxyType = 1;
			remoteGlobalIDString = DF31A0882A3BB11300F7382C;
			remoteInfo = "WatchOSNotes Watch App";
		};
/* End PBXContainerItemProxy section */

/* Begin PBXCopyFilesBuildPhase section */
		DF31A09C2A3BB11400F7382C /* Embed Watch Content */ = {
			isa = PBXCopyFilesBuildPhase;
			buildActionMask = 2147483647;
			dstPath = "$(CONTENTS_FOLDER_PATH)/Watch";
			dstSubfolderSpec = 16;
			files = (
				DF31A08A2A3BB11300F7382C /* NewNotes.app in Embed Watch Content */,
			);
			name = "Embed Watch Content";
			runOnlyForDeploymentPostprocessing = 0;
		};
/* End PBXCopyFilesBuildPhase section */

/* Begin PBXFileReference section */
		DF31A0832A3BB11300F7382C /* WatchOSNotes.app */ = {isa = PBXFileReference; explicitFileType = wrapper.application; includeInIndex = 0; path = WatchOSNotes.app; sourceTree = BUILT_PRODUCTS_DIR; };
		DF31A0892A3BB11300F7382C /* NewNotes.app */ = {isa = PBXFileReference; explicitFileType = wrapper.application; includeInIndex = 0; path = NewNotes.app; sourceTree = BUILT_PRODUCTS_DIR; };
		DF31A08E2A3BB11300F7382C /* WatchOSNotesApp.swift */ = {isa = PBXFileReference; lastKnownFileType = sourcecode.swift; path = WatchOSNotesApp.swift; sourceTree = "<group>"; };
		DF31A0902A3BB11300F7382C /* ContentView.swift */ = {isa = PBXFileReference; lastKnownFileType = sourcecode.swift; path = ContentView.swift; sourceTree = "<group>"; };
		DF31A0922A3BB11400F7382C /* Assets.xcassets */ = {isa = PBXFileReference; lastKnownFileType = folder.assetcatalog; path = Assets.xcassets; sourceTree = "<group>"; };
		DF31A0952A3BB11400F7382C /* Preview Assets.xcassets */ = {isa = PBXFileReference; lastKnownFileType = folder.assetcatalog; path = "Preview Assets.xcassets"; sourceTree = "<group>"; };
		DFD292DB2A3CA50600B22EF8 /* Note.swift */ = {isa = PBXFileReference; lastKnownFileType = sourcecode.swift; path = Note.swift; sourceTree = "<group>"; };
/* End PBXFileReference section */

/* Begin PBXFrameworksBuildPhase section */
		DF31A0862A3BB11300F7382C /* Frameworks */ = {
			isa = PBXFrameworksBuildPhase;
			buildActionMask = 2147483647;
			files = (
			);
			runOnlyForDeploymentPostprocessing = 0;
		};
/* End PBXFrameworksBuildPhase section */

/* Begin PBXGroup section */
		DF31A07C2A3BB11200F7382C = {
			isa = PBXGroup;
			children = (
				DF31A08D2A3BB11300F7382C /* WatchOSNotes Watch App */,
				DF31A0842A3BB11300F7382C /* Products */,
			);
			sourceTree = "<group>";
		};
		DF31A0842A3BB11300F7382C /* Products */ = {
			isa = PBXGroup;
			children = (
				DF31A0832A3BB11300F7382C /* WatchOSNotes.app */,
				DF31A0892A3BB11300F7382C /* NewNotes.app */,
			);
			name = Products;
			sourceTree = "<group>";
		};
		DF31A08D2A3BB11300F7382C /* WatchOSNotes Watch App */ = {
			isa = PBXGroup;
			children = (
				DFD292DA2A3CA4F500B22EF8 /* Model */,
				DFD292D92A3CA4EB00B22EF8 /* View */,
				DF31A08E2A3BB11300F7382C /* WatchOSNotesApp.swift */,
				DF31A0902A3BB11300F7382C /* ContentView.swift */,
				DF31A0922A3BB11400F7382C /* Assets.xcassets */,
				DF31A0942A3BB11400F7382C /* Preview Content */,
			);
			path = "WatchOSNotes Watch App";
			sourceTree = "<group>";
		};
		DF31A0942A3BB11400F7382C /* Preview Content */ = {
			isa = PBXGroup;
			children = (
				DF31A0952A3BB11400F7382C /* Preview Assets.xcassets */,
			);
			path = "Preview Content";
			sourceTree = "<group>";
		};
		DFD292D92A3CA4EB00B22EF8 /* View */ = {
			isa = PBXGroup;
			children = (
			);
			path = View;
			sourceTree = "<group>";
		};
		DFD292DA2A3CA4F500B22EF8 /* Model */ = {
			isa = PBXGroup;
			children = (
				DFD292DB2A3CA50600B22EF8 /* Note.swift */,
			);
			path = Model;
			sourceTree = "<group>";
		};
/* End PBXGroup section */

/* Begin PBXNativeTarget section */
		DF31A0822A3BB11300F7382C /* WatchOSNotes */ = {
			isa = PBXNativeTarget;
			buildConfigurationList = DF31A09D2A3BB11400F7382C /* Build configuration list for PBXNativeTarget "WatchOSNotes" */;
			buildPhases = (
				DF31A0812A3BB11300F7382C /* Resources */,
				DF31A09C2A3BB11400F7382C /* Embed Watch Content */,
			);
			buildRules = (
			);
			dependencies = (
				DF31A08C2A3BB11300F7382C /* PBXTargetDependency */,
			);
			name = WatchOSNotes;
			productName = WatchOSNotes;
			productReference = DF31A0832A3BB11300F7382C /* WatchOSNotes.app */;
			productType = "com.apple.product-type.application.watchapp2-container";
		};
		DF31A0882A3BB11300F7382C /* WatchOSNotes Watch App */ = {
			isa = PBXNativeTarget;
			buildConfigurationList = DF31A0992A3BB11400F7382C /* Build configuration list for PBXNativeTarget "WatchOSNotes Watch App" */;
			buildPhases = (
				DF31A0852A3BB11300F7382C /* Sources */,
				DF31A0862A3BB11300F7382C /* Frameworks */,
				DF31A0872A3BB11300F7382C /* Resources */,
			);
			buildRules = (
			);
			dependencies = (
			);
			name = "WatchOSNotes Watch App";
			productName = "WatchOSNotes Watch App";
			productReference = DF31A0892A3BB11300F7382C /* NewNotes.app */;
			productType = "com.apple.product-type.application";
		};
/* End PBXNativeTarget section */

/* Begin PBXProject section */
		DF31A07D2A3BB11200F7382C /* Project object */ = {
			isa = PBXProject;
			attributes = {
				BuildIndependentTargetsInParallel = 1;
				LastSwiftUpdateCheck = 1420;
				LastUpgradeCheck = 1430;
				TargetAttributes = {
					DF31A0822A3BB11300F7382C = {
						CreatedOnToolsVersion = 14.2;
					};
					DF31A0882A3BB11300F7382C = {
						CreatedOnToolsVersion = 14.2;
					};
				};
			};
			buildConfigurationList = DF31A0802A3BB11200F7382C /* Build configuration list for PBXProject "WatchOSNotes" */;
			compatibilityVersion = "Xcode 14.0";
			developmentRegion = en;
			hasScannedForEncodings = 0;
			knownRegions = (
				en,
				Base,
			);
			mainGroup = DF31A07C2A3BB11200F7382C;
			productRefGroup = DF31A0842A3BB11300F7382C /* Products */;
			projectDirPath = "";
			projectRoot = "";
			targets = (
				DF31A0822A3BB11300F7382C /* WatchOSNotes */,
				DF31A0882A3BB11300F7382C /* WatchOSNotes Watch App */,
			);
		};
/* End PBXProject section */

/* Begin PBXResourcesBuildPhase section */
		DF31A0812A3BB11300F7382C /* Resources */ = {
			isa = PBXResourcesBuildPhase;
			buildActionMask = 2147483647;
			files = (
			);
			runOnlyForDeploymentPostprocessing = 0;
		};
		DF31A0872A3BB11300F7382C /* Resources */ = {
			isa = PBXResourcesBuildPhase;
			buildActionMask = 2147483647;
			files = (
				DF31A0962A3BB11400F7382C /* Preview Assets.xcassets in Resources */,
				DF31A0932A3BB11400F7382C /* Assets.xcassets in Resources */,
			);
			runOnlyForDeploymentPostprocessing = 0;
		};
/* End PBXResourcesBuildPhase section */

/* Begin PBXSourcesBuildPhase section */
		DF31A0852A3BB11300F7382C /* Sources */ = {
			isa = PBXSourcesBuildPhase;
			buildActionMask = 2147483647;
			files = (
				DF31A0912A3BB11300F7382C /* ContentView.swift in Sources */,
				DF31A08F2A3BB11300F7382C /* WatchOSNotesApp.swift in Sources */,
				DFD292DC2A3CA50600B22EF8 /* Note.swift in Sources */,
			);
			runOnlyForDeploymentPostprocessing = 0;
		};
/* End PBXSourcesBuildPhase section */

/* Begin PBXTargetDependency section */
		DF31A08C2A3BB11300F7382C /* PBXTargetDependency */ = {
			isa = PBXTargetDependency;
			target = DF31A0882A3BB11300F7382C /* WatchOSNotes Watch App */;
			targetProxy = DF31A08B2A3BB11300F7382C /* PBXContainerItemProxy */;
		};
/* End PBXTargetDependency section */

/* Begin XCBuildConfiguration section */
		DF31A0972A3BB11400F7382C /* Debug */ = {
			isa = XCBuildConfiguration;
			buildSettings = {
				ALWAYS_SEARCH_USER_PATHS = NO;
				CLANG_ANALYZER_NONNULL = YES;
				CLANG_ANALYZER_NUMBER_OBJECT_CONVERSION = YES_AGGRESSIVE;
				CLANG_CXX_LANGUAGE_STANDARD = "gnu++20";
				CLANG_ENABLE_MODULES = YES;
				CLANG_ENABLE_OBJC_ARC = YES;
				CLANG_ENABLE_OBJC_WEAK = YES;
				CLANG_WARN_BLOCK_CAPTURE_AUTORELEASING = YES;
				CLANG_WARN_BOOL_CONVERSION = YES;
				CLANG_WARN_COMMA = YES;
				CLANG_WARN_CONSTANT_CONVERSION = YES;
				CLANG_WARN_DEPRECATED_OBJC_IMPLEMENTATIONS = YES;
				CLANG_WARN_DIRECT_OBJC_ISA_USAGE = YES_ERROR;
				CLANG_WARN_DOCUMENTATION_COMMENTS = YES;
				CLANG_WARN_EMPTY_BODY = YES;
				CLANG_WARN_ENUM_CONVERSION = YES;
				CLANG_WARN_INFINITE_RECURSION = YES;
				CLANG_WARN_INT_CONVERSION = YES;
				CLANG_WARN_NON_LITERAL_NULL_CONVERSION = YES;
				CLANG_WARN_OBJC_IMPLICIT_RETAIN_SELF = YES;
				CLANG_WARN_OBJC_LITERAL_CONVERSION = YES;
				CLANG_WARN_OBJC_ROOT_CLASS = YES_ERROR;
				CLANG_WARN_QUOTED_INCLUDE_IN_FRAMEWORK_HEADER = YES;
				CLANG_WARN_RANGE_LOOP_ANALYSIS = YES;
				CLANG_WARN_STRICT_PROTOTYPES = YES;
				CLANG_WARN_SUSPICIOUS_MOVE = YES;
				CLANG_WARN_UNGUARDED_AVAILABILITY = YES_AGGRESSIVE;
				CLANG_WARN_UNREACHABLE_CODE = YES;
				CLANG_WARN__DUPLICATE_METHOD_MATCH = YES;
				COPY_PHASE_STRIP = NO;
				DEAD_CODE_STRIPPING = YES;
				DEBUG_INFORMATION_FORMAT = dwarf;
				ENABLE_STRICT_OBJC_MSGSEND = YES;
				ENABLE_TESTABILITY = YES;
				GCC_C_LANGUAGE_STANDARD = gnu11;
				GCC_DYNAMIC_NO_PIC = NO;
				GCC_NO_COMMON_BLOCKS = YES;
				GCC_OPTIMIZATION_LEVEL = 0;
				GCC_PREPROCESSOR_DEFINITIONS = (
					"DEBUG=1",
					"$(inherited)",
				);
				GCC_WARN_64_TO_32_BIT_CONVERSION = YES;
				GCC_WARN_ABOUT_RETURN_TYPE = YES_ERROR;
				GCC_WARN_UNDECLARED_SELECTOR = YES;
				GCC_WARN_UNINITIALIZED_AUTOS = YES_AGGRESSIVE;
				GCC_WARN_UNUSED_FUNCTION = YES;
				GCC_WARN_UNUSED_VARIABLE = YES;
				MTL_ENABLE_DEBUG_INFO = INCLUDE_SOURCE;
				MTL_FAST_MATH = YES;
				ONLY_ACTIVE_ARCH = YES;
				SWIFT_ACTIVE_COMPILATION_CONDITIONS = DEBUG;
				SWIFT_OPTIMIZATION_LEVEL = "-Onone";
			};
			name = Debug;
		};
		DF31A0982A3BB11400F7382C /* Release */ = {
			isa = XCBuildConfiguration;
			buildSettings = {
				ALWAYS_SEARCH_USER_PATHS = NO;
				CLANG_ANALYZER_NONNULL = YES;
				CLANG_ANALYZER_NUMBER_OBJECT_CONVERSION = YES_AGGRESSIVE;
				CLANG_CXX_LANGUAGE_STANDARD = "gnu++20";
				CLANG_ENABLE_MODULES = YES;
				CLANG_ENABLE_OBJC_ARC = YES;
				CLANG_ENABLE_OBJC_WEAK = YES;
				CLANG_WARN_BLOCK_CAPTURE_AUTORELEASING = YES;
				CLANG_WARN_BOOL_CONVERSION = YES;
				CLANG_WARN_COMMA = YES;
				CLANG_WARN_CONSTANT_CONVERSION = YES;
				CLANG_WARN_DEPRECATED_OBJC_IMPLEMENTATIONS = YES;
				CLANG_WARN_DIRECT_OBJC_ISA_USAGE = YES_ERROR;
				CLANG_WARN_DOCUMENTATION_COMMENTS = YES;
				CLANG_WARN_EMPTY_BODY = YES;
				CLANG_WARN_ENUM_CONVERSION = YES;
				CLANG_WARN_INFINITE_RECURSION = YES;
				CLANG_WARN_INT_CONVERSION = YES;
				CLANG_WARN_NON_LITERAL_NULL_CONVERSION = YES;
				CLANG_WARN_OBJC_IMPLICIT_RETAIN_SELF = YES;
				CLANG_WARN_OBJC_LITERAL_CONVERSION = YES;
				CLANG_WARN_OBJC_ROOT_CLASS = YES_ERROR;
				CLANG_WARN_QUOTED_INCLUDE_IN_FRAMEWORK_HEADER = YES;
				CLANG_WARN_RANGE_LOOP_ANALYSIS = YES;
				CLANG_WARN_STRICT_PROTOTYPES = YES;
				CLANG_WARN_SUSPICIOUS_MOVE = YES;
				CLANG_WARN_UNGUARDED_AVAILABILITY = YES_AGGRESSIVE;
				CLANG_WARN_UNREACHABLE_CODE = YES;
				CLANG_WARN__DUPLICATE_METHOD_MATCH = YES;
				COPY_PHASE_STRIP = NO;
				DEAD_CODE_STRIPPING = YES;
				DEBUG_INFORMATION_FORMAT = "dwarf-with-dsym";
				ENABLE_NS_ASSERTIONS = NO;
				ENABLE_STRICT_OBJC_MSGSEND = YES;
				GCC_C_LANGUAGE_STANDARD = gnu11;
				GCC_NO_COMMON_BLOCKS = YES;
				GCC_WARN_64_TO_32_BIT_CONVERSION = YES;
				GCC_WARN_ABOUT_RETURN_TYPE = YES_ERROR;
				GCC_WARN_UNDECLARED_SELECTOR = YES;
				GCC_WARN_UNINITIALIZED_AUTOS = YES_AGGRESSIVE;
				GCC_WARN_UNUSED_FUNCTION = YES;
				GCC_WARN_UNUSED_VARIABLE = YES;
				MTL_ENABLE_DEBUG_INFO = NO;
				MTL_FAST_MATH = YES;
				SWIFT_COMPILATION_MODE = wholemodule;
				SWIFT_OPTIMIZATION_LEVEL = "-O";
			};
			name = Release;
		};
		DF31A09A2A3BB11400F7382C /* Debug */ = {
			isa = XCBuildConfiguration;
			buildSettings = {
				ASSETCATALOG_COMPILER_APPICON_NAME = AppIcon;
				ASSETCATALOG_COMPILER_GLOBAL_ACCENT_COLOR_NAME = AccentColor;
				CODE_SIGN_STYLE = Automatic;
				CURRENT_PROJECT_VERSION = 1;
				DEVELOPMENT_ASSET_PATHS = "\"WatchOSNotes Watch App/Preview Content\"";
				DEVELOPMENT_TEAM = CSDME8QJX3;
				ENABLE_PREVIEWS = YES;
				GENERATE_INFOPLIST_FILE = YES;
				INFOPLIST_KEY_UISupportedInterfaceOrientations = "UIInterfaceOrientationPortrait UIInterfaceOrientationPortraitUpsideDown";
				INFOPLIST_KEY_WKWatchOnly = YES;
				LD_RUNPATH_SEARCH_PATHS = (
					"$(inherited)",
					"@executable_path/Frameworks",
				);
				MARKETING_VERSION = 1.0;
				PRODUCT_BUNDLE_IDENTIFIER = com.rothermel1.WatchOSNotes.watchkitapp;
				PRODUCT_NAME = NewNotes;
				SDKROOT = watchos;
				SKIP_INSTALL = YES;
				SWIFT_EMIT_LOC_STRINGS = YES;
				SWIFT_VERSION = 5.0;
				TARGETED_DEVICE_FAMILY = 4;
				WATCHOS_DEPLOYMENT_TARGET = 9.1;
			};
			name = Debug;
		};
		DF31A09B2A3BB11400F7382C /* Release */ = {
			isa = XCBuildConfiguration;
			buildSettings = {
				ASSETCATALOG_COMPILER_APPICON_NAME = AppIcon;
				ASSETCATALOG_COMPILER_GLOBAL_ACCENT_COLOR_NAME = AccentColor;
				CODE_SIGN_STYLE = Automatic;
				CURRENT_PROJECT_VERSION = 1;
				DEVELOPMENT_ASSET_PATHS = "\"WatchOSNotes Watch App/Preview Content\"";
				DEVELOPMENT_TEAM = CSDME8QJX3;
				ENABLE_PREVIEWS = YES;
				GENERATE_INFOPLIST_FILE = YES;
				INFOPLIST_KEY_UISupportedInterfaceOrientations = "UIInterfaceOrientationPortrait UIInterfaceOrientationPortraitUpsideDown";
				INFOPLIST_KEY_WKWatchOnly = YES;
				LD_RUNPATH_SEARCH_PATHS = (
					"$(inherited)",
					"@executable_path/Frameworks",
				);
				MARKETING_VERSION = 1.0;
				PRODUCT_BUNDLE_IDENTIFIER = com.rothermel1.WatchOSNotes.watchkitapp;
				PRODUCT_NAME = NewNotes;
				SDKROOT = watchos;
				SKIP_INSTALL = YES;
				SWIFT_EMIT_LOC_STRINGS = YES;
				SWIFT_VERSION = 5.0;
				TARGETED_DEVICE_FAMILY = 4;
				VALIDATE_PRODUCT = YES;
				WATCHOS_DEPLOYMENT_TARGET = 9.1;
			};
			name = Release;
		};
		DF31A09E2A3BB11400F7382C /* Debug */ = {
			isa = XCBuildConfiguration;
			buildSettings = {
				ALWAYS_EMBED_SWIFT_STANDARD_LIBRARIES = YES;
				CODE_SIGN_STYLE = Automatic;
				CURRENT_PROJECT_VERSION = 1;
				DEVELOPMENT_TEAM = CSDME8QJX3;
				INFOPLIST_KEY_CFBundleDisplayName = WatchOSNotes;
				IPHONEOS_DEPLOYMENT_TARGET = 16.0;
				MARKETING_VERSION = 1.0;
				PRODUCT_BUNDLE_IDENTIFIER = com.rothermel1.WatchOSNotes;
				PRODUCT_NAME = "$(TARGET_NAME)";
				SDKROOT = iphoneos;
				SUPPORTED_PLATFORMS = "iphoneos iphonesimulator";
				SUPPORTS_MACCATALYST = NO;
				SUPPORTS_MAC_DESIGNED_FOR_IPHONE_IPAD = NO;
				SWIFT_VERSION = 5.0;
				TARGETED_DEVICE_FAMILY = 1;
			};
			name = Debug;
		};
		DF31A09F2A3BB11400F7382C /* Release */ = {
			isa = XCBuildConfiguration;
			buildSettings = {
				ALWAYS_EMBED_SWIFT_STANDARD_LIBRARIES = YES;
				CODE_SIGN_STYLE = Automatic;
				CURRENT_PROJECT_VERSION = 1;
				DEVELOPMENT_TEAM = CSDME8QJX3;
				INFOPLIST_KEY_CFBundleDisplayName = WatchOSNotes;
				IPHONEOS_DEPLOYMENT_TARGET = 16.0;
				MARKETING_VERSION = 1.0;
				PRODUCT_BUNDLE_IDENTIFIER = com.rothermel1.WatchOSNotes;
				PRODUCT_NAME = "$(TARGET_NAME)";
				SDKROOT = iphoneos;
				SUPPORTED_PLATFORMS = "iphoneos iphonesimulator";
				SUPPORTS_MACCATALYST = NO;
				SUPPORTS_MAC_DESIGNED_FOR_IPHONE_IPAD = NO;
				SWIFT_VERSION = 5.0;
				TARGETED_DEVICE_FAMILY = 1;
				VALIDATE_PRODUCT = YES;
			};
			name = Release;
		};
/* End XCBuildConfiguration section */

/* Begin XCConfigurationList section */
		DF31A0802A3BB11200F7382C /* Build configuration list for PBXProject "WatchOSNotes" */ = {
			isa = XCConfigurationList;
			buildConfigurations = (
				DF31A0972A3BB11400F7382C /* Debug */,
				DF31A0982A3BB11400F7382C /* Release */,
			);
			defaultConfigurationIsVisible = 0;
			defaultConfigurationName = Release;
		};
		DF31A0992A3BB11400F7382C /* Build configuration list for PBXNativeTarget "WatchOSNotes Watch App" */ = {
			isa = XCConfigurationList;
			buildConfigurations = (
				DF31A09A2A3BB11400F7382C /* Debug */,
				DF31A09B2A3BB11400F7382C /* Release */,
			);
			defaultConfigurationIsVisible = 0;
			defaultConfigurationName = Release;
		};
		DF31A09D2A3BB11400F7382C /* Build configuration list for PBXNativeTarget "WatchOSNotes" */ = {
			isa = XCConfigurationList;
			buildConfigurations = (
				DF31A09E2A3BB11400F7382C /* Debug */,
				DF31A09F2A3BB11400F7382C /* Release */,
			);
			defaultConfigurationIsVisible = 0;
			defaultConfigurationName = Release;
		};
/* End XCConfigurationList section */
	};
	rootObject = DF31A07D2A3BB11200F7382C /* Project object */;
}
